
Microsoft Visual Studio Solution File, Format Version 12.00
# Visual Studio Version 16
VisualStudioVersion = 16.0.31515.178
MinimumVisualStudioVersion = 10.0.40219.1
Project("{FAE04EC0-301F-11D3-BF4B-00C04F79EFBC}") = "Server", "Server\Server.csproj", "{8B0F59BD-53C8-4805-A0D6-31BB9D38FD6F}"
EndProject
Project("{FAE04EC0-301F-11D3-BF4B-00C04F79EFBC}") = "GUI", "GUI\GUI.csproj", "{E9B685F1-383E-4BB6-AADF-6B85AFC64835}"
EndProject
Project("{9A19103F-16F7-4668-BE54-9A1E7A4F7556}") = "TestServer", "TestServer\TestServer.csproj", "{FAED1699-88AF-4ADC-A93D-E692F136EBFC}"
EndProject
Project("{9A19103F-16F7-4668-BE54-9A1E7A4F7556}") = "App", "App\App.csproj", "{3CCAA258-DAB1-494C-9756-99C6888DFE2D}"
EndProject
Project("{9A19103F-16F7-4668-BE54-9A1E7A4F7556}") = "TestApp", "TestApp\TestApp.csproj", "{42261E1B-2B4D-4C27-B32D-9B99A32C99AE}"
EndProject
Project("{FAE04EC0-301F-11D3-BF4B-00C04F79EFBC}") = "TestGUI", "TestGUI\TestGUI.csproj", "{124771A2-81E9-4A5D-9A9C-F355AEC2E603}"
EndProject
Global
	GlobalSection(SolutionConfigurationPlatforms) = preSolution
		Debug|Any CPU = Debug|Any CPU
		Release|Any CPU = Release|Any CPU
	EndGlobalSection
	GlobalSection(ProjectConfigurationPlatforms) = postSolution
		{8B0F59BD-53C8-4805-A0D6-31BB9D38FD6F}.Debug|Any CPU.ActiveCfg = Debug|Any CPU
		{8B0F59BD-53C8-4805-A0D6-31BB9D38FD6F}.Debug|Any CPU.Build.0 = Debug|Any CPU
		{8B0F59BD-53C8-4805-A0D6-31BB9D38FD6F}.Release|Any CPU.ActiveCfg = Release|Any CPU
		{8B0F59BD-53C8-4805-A0D6-31BB9D38FD6F}.Release|Any CPU.Build.0 = Release|Any CPU
		{E9B685F1-383E-4BB6-AADF-6B85AFC64835}.Debug|Any CPU.ActiveCfg = Debug|Any CPU
		{E9B685F1-383E-4BB6-AADF-6B85AFC64835}.Debug|Any CPU.Build.0 = Debug|Any CPU
		{E9B685F1-383E-4BB6-AADF-6B85AFC64835}.Release|Any CPU.ActiveCfg = Release|Any CPU
		{E9B685F1-383E-4BB6-AADF-6B85AFC64835}.Release|Any CPU.Build.0 = Release|Any CPU
		{FAED1699-88AF-4ADC-A93D-E692F136EBFC}.Debug|Any CPU.ActiveCfg = Debug|Any CPU
		{FAED1699-88AF-4ADC-A93D-E692F136EBFC}.Debug|Any CPU.Build.0 = Debug|Any CPU
		{FAED1699-88AF-4ADC-A93D-E692F136EBFC}.Release|Any CPU.ActiveCfg = Release|Any CPU
		{FAED1699-88AF-4ADC-A93D-E692F136EBFC}.Release|Any CPU.Build.0 = Release|Any CPU
		{3CCAA258-DAB1-494C-9756-99C6888DFE2D}.Debug|Any CPU.ActiveCfg = Debug|Any CPU
		{3CCAA258-DAB1-494C-9756-99C6888DFE2D}.Debug|Any CPU.Build.0 = Debug|Any CPU
		{3CCAA258-DAB1-494C-9756-99C6888DFE2D}.Release|Any CPU.ActiveCfg = Release|Any CPU
		{3CCAA258-DAB1-494C-9756-99C6888DFE2D}.Release|Any CPU.Build.0 = Release|Any CPU
		{42261E1B-2B4D-4C27-B32D-9B99A32C99AE}.Debug|Any CPU.ActiveCfg = Debug|Any CPU
		{42261E1B-2B4D-4C27-B32D-9B99A32C99AE}.Debug|Any CPU.Build.0 = Debug|Any CPU
		{42261E1B-2B4D-4C27-B32D-9B99A32C99AE}.Release|Any CPU.ActiveCfg = Release|Any CPU
		{42261E1B-2B4D-4C27-B32D-9B99A32C99AE}.Release|Any CPU.Build.0 = Release|Any CPU
		{124771A2-81E9-4A5D-9A9C-F355AEC2E603}.Debug|Any CPU.ActiveCfg = Debug|Any CPU
		{124771A2-81E9-4A5D-9A9C-F355AEC2E603}.Debug|Any CPU.Build.0 = Debug|Any CPU
		{124771A2-81E9-4A5D-9A9C-F355AEC2E603}.Release|Any CPU.ActiveCfg = Release|Any CPU
		{124771A2-81E9-4A5D-9A9C-F355AEC2E603}.Release|Any CPU.Build.0 = Release|Any CPU
	EndGlobalSection
	GlobalSection(SolutionProperties) = preSolution
		HideSolutionNode = FALSE
	EndGlobalSection
	GlobalSection(ExtensibilityGlobals) = postSolution
		SolutionGuid = {7A7670E9-CC21-4039-85DE-E6CD9D2944E9}
	EndGlobalSection
EndGlobal
